
Microsoft Visual Studio Solution File, Format Version 12.00
# Visual Studio Version 16
VisualStudioVersion = 16.0.29613.14
MinimumVisualStudioVersion = 10.0.40219.1
Project("{FAE04EC0-301F-11D3-BF4B-00C04F79EFBC}") = "Entity", "Entity\Entity.csproj", "{78FB8027-F4C4-44D6-B7DB-1FA8D333FB00}"
EndProject
Project("{FAE04EC0-301F-11D3-BF4B-00C04F79EFBC}") = "DataAccess", "DataAccess\DataAccess.csproj", "{81BF3F53-FD6A-4FC6-876B-72FB998DCFA3}"
EndProject
Project("{FAE04EC0-301F-11D3-BF4B-00C04F79EFBC}") = "Business", "Business\Business.csproj", "{5D7569A8-A655-4925-8D8A-3872E26DBD6C}"
EndProject
Project("{FAE04EC0-301F-11D3-BF4B-00C04F79EFBC}") = "Core", "Core\Core.csproj", "{DFF25363-4FF4-4FB9-99F5-7F7D14CD524E}"
EndProject
Project("{FAE04EC0-301F-11D3-BF4B-00C04F79EFBC}") = "WebAPI", "WebAPI\WebAPI.csproj", "{7E48241D-6CC7-47FC-8454-2CBD4DA1F724}"
EndProject
Global
	GlobalSection(SolutionConfigurationPlatforms) = preSolution
		Debug|Any CPU = Debug|Any CPU
		Release|Any CPU = Release|Any CPU
	EndGlobalSection
	GlobalSection(ProjectConfigurationPlatforms) = postSolution
		{78FB8027-F4C4-44D6-B7DB-1FA8D333FB00}.Debug|Any CPU.ActiveCfg = Debug|Any CPU
		{78FB8027-F4C4-44D6-B7DB-1FA8D333FB00}.Debug|Any CPU.Build.0 = Debug|Any CPU
		{78FB8027-F4C4-44D6-B7DB-1FA8D333FB00}.Release|Any CPU.ActiveCfg = Release|Any CPU
		{78FB8027-F4C4-44D6-B7DB-1FA8D333FB00}.Release|Any CPU.Build.0 = Release|Any CPU
		{81BF3F53-FD6A-4FC6-876B-72FB998DCFA3}.Debug|Any CPU.ActiveCfg = Debug|Any CPU
		{81BF3F53-FD6A-4FC6-876B-72FB998DCFA3}.Debug|Any CPU.Build.0 = Debug|Any CPU
		{81BF3F53-FD6A-4FC6-876B-72FB998DCFA3}.Release|Any CPU.ActiveCfg = Release|Any CPU
		{81BF3F53-FD6A-4FC6-876B-72FB998DCFA3}.Release|Any CPU.Build.0 = Release|Any CPU
		{5D7569A8-A655-4925-8D8A-3872E26DBD6C}.Debug|Any CPU.ActiveCfg = Debug|Any CPU
		{5D7569A8-A655-4925-8D8A-3872E26DBD6C}.Debug|Any CPU.Build.0 = Debug|Any CPU
		{5D7569A8-A655-4925-8D8A-3872E26DBD6C}.Release|Any CPU.ActiveCfg = Release|Any CPU
		{5D7569A8-A655-4925-8D8A-3872E26DBD6C}.Release|Any CPU.Build.0 = Release|Any CPU
		{DFF25363-4FF4-4FB9-99F5-7F7D14CD524E}.Debug|Any CPU.ActiveCfg = Debug|Any CPU
		{DFF25363-4FF4-4FB9-99F5-7F7D14CD524E}.Debug|Any CPU.Build.0 = Debug|Any CPU
		{DFF25363-4FF4-4FB9-99F5-7F7D14CD524E}.Release|Any CPU.ActiveCfg = Release|Any CPU
		{DFF25363-4FF4-4FB9-99F5-7F7D14CD524E}.Release|Any CPU.Build.0 = Release|Any CPU
		{7E48241D-6CC7-47FC-8454-2CBD4DA1F724}.Debug|Any CPU.ActiveCfg = Debug|Any CPU
		{7E48241D-6CC7-47FC-8454-2CBD4DA1F724}.Debug|Any CPU.Build.0 = Debug|Any CPU
		{7E48241D-6CC7-47FC-8454-2CBD4DA1F724}.Release|Any CPU.ActiveCfg = Release|Any CPU
		{7E48241D-6CC7-47FC-8454-2CBD4DA1F724}.Release|Any CPU.Build.0 = Release|Any CPU
	EndGlobalSection
	GlobalSection(SolutionProperties) = preSolution
		HideSolutionNode = FALSE
	EndGlobalSection
	GlobalSection(ExtensibilityGlobals) = postSolution
		SolutionGuid = {99E55E7E-6E02-45F1-BE9C-F41AEB2A7229}
	EndGlobalSection
EndGlobal
